
Microsoft Visual Studio Solution File, Format Version 12.00
# Visual Studio 14
VisualStudioVersion = 14.0.25420.1
MinimumVisualStudioVersion = 10.0.40219.1
Project("{FAE04EC0-301F-11D3-BF4B-00C04F79EFBC}") = "WebClient", "WebClient\WebClient.csproj", "{DA6F21FA-1946-42A7-9146-F1EB14C590A3}"
EndProject
Project("{FAE04EC0-301F-11D3-BF4B-00C04F79EFBC}") = "WebClient.Tests", "WebClient.Tests\WebClient.Tests.csproj", "{483DBCCD-C2E0-4F58-AC9B-3AA643C743ED}"
EndProject
Global
	GlobalSection(SolutionConfigurationPlatforms) = preSolution
		Debug|Any CPU = Debug|Any CPU
		Release|Any CPU = Release|Any CPU
	EndGlobalSection
	GlobalSection(ProjectConfigurationPlatforms) = postSolution
		{DA6F21FA-1946-42A7-9146-F1EB14C590A3}.Debug|Any CPU.ActiveCfg = Debug|Any CPU
		{DA6F21FA-1946-42A7-9146-F1EB14C590A3}.Debug|Any CPU.Build.0 = Debug|Any CPU
		{DA6F21FA-1946-42A7-9146-F1EB14C590A3}.Release|Any CPU.ActiveCfg = Release|Any CPU
		{DA6F21FA-1946-42A7-9146-F1EB14C590A3}.Release|Any CPU.Build.0 = Release|Any CPU
		{483DBCCD-C2E0-4F58-AC9B-3AA643C743ED}.Debug|Any CPU.ActiveCfg = Debug|Any CPU
		{483DBCCD-C2E0-4F58-AC9B-3AA643C743ED}.Debug|Any CPU.Build.0 = Debug|Any CPU
		{483DBCCD-C2E0-4F58-AC9B-3AA643C743ED}.Release|Any CPU.ActiveCfg = Release|Any CPU
		{483DBCCD-C2E0-4F58-AC9B-3AA643C743ED}.Release|Any CPU.Build.0 = Release|Any CPU
	EndGlobalSection
	GlobalSection(SolutionProperties) = preSolution
		HideSolutionNode = FALSE
	EndGlobalSection
EndGlobal
